
Microsoft Visual Studio Solution File, Format Version 12.00
# Visual Studio Version 17
VisualStudioVersion = 17.8.34309.116
MinimumVisualStudioVersion = 10.0.40219.1
Project("{FAE04EC0-301F-11D3-BF4B-00C04F79EFBC}") = "ContextMenu", "ContextMenu\ContextMenu.csproj", "{BB0346BC-E6CD-4EDF-B8E6-8D76078C7873}"
EndProject
Global
	GlobalSection(SolutionConfigurationPlatforms) = preSolution
		Debug|Any CPU = Debug|Any CPU
		Release|Any CPU = Release|Any CPU
	EndGlobalSection
	GlobalSection(ProjectConfigurationPlatforms) = postSolution
		{BB0346BC-E6CD-4EDF-B8E6-8D76078C7873}.Debug|Any CPU.ActiveCfg = Debug|Any CPU
		{BB0346BC-E6CD-4EDF-B8E6-8D76078C7873}.Debug|Any CPU.Build.0 = Debug|Any CPU
		{BB0346BC-E6CD-4EDF-B8E6-8D76078C7873}.Release|Any CPU.ActiveCfg = Release|Any CPU
		{BB0346BC-E6CD-4EDF-B8E6-8D76078C7873}.Release|Any CPU.Build.0 = Release|Any CPU
	EndGlobalSection
	GlobalSection(SolutionProperties) = preSolution
		HideSolutionNode = FALSE
	EndGlobalSection
	GlobalSection(ExtensibilityGlobals) = postSolution
		SolutionGuid = {12CDACBD-088E-4370-9414-A0A3AA2B6943}
	EndGlobalSection
EndGlobal
